
Microsoft Visual Studio Solution File, Format Version 12.00
# Visual Studio Version 16
VisualStudioVersion = 16.0.31205.134
MinimumVisualStudioVersion = 10.0.40219.1
Project("{FAE04EC0-301F-11D3-BF4B-00C04F79EFBC}") = "Engine_Test", "Engine_Test\Engine_Test.csproj", "{835AD1F3-A6F5-42F4-94F1-B038DD531472}"
EndProject
Global
	GlobalSection(SolutionConfigurationPlatforms) = preSolution
		Debug|Any CPU = Debug|Any CPU
		Release|Any CPU = Release|Any CPU
	EndGlobalSection
	GlobalSection(ProjectConfigurationPlatforms) = postSolution
		{835AD1F3-A6F5-42F4-94F1-B038DD531472}.Debug|Any CPU.ActiveCfg = Debug|Any CPU
		{835AD1F3-A6F5-42F4-94F1-B038DD531472}.Debug|Any CPU.Build.0 = Debug|Any CPU
		{835AD1F3-A6F5-42F4-94F1-B038DD531472}.Release|Any CPU.ActiveCfg = Release|Any CPU
		{835AD1F3-A6F5-42F4-94F1-B038DD531472}.Release|Any CPU.Build.0 = Release|Any CPU
	EndGlobalSection
	GlobalSection(SolutionProperties) = preSolution
		HideSolutionNode = FALSE
	EndGlobalSection
	GlobalSection(ExtensibilityGlobals) = postSolution
		SolutionGuid = {2FFEDCC7-7A0E-44EF-9386-AD7CE9CE7A0F}
	EndGlobalSection
EndGlobal
